{
  "name": "generate_agreement",
  "lockfileVersion": 3,
  "requires": true,
  "packages": {
    "": {
      "dependencies": {
        "docxtemplater-image-module-free": "^1.1.1"
      }
    },
    "node_modules/docxtemplater-image-module-free": {
      "version": "1.1.1",
      "resolved": "https://registry.npmjs.org/docxtemplater-image-module-free/-/docxtemplater-image-module-free-1.1.1.tgz",
      "integrity": "sha512-aWOzVQN7ggDYjfoy3pTTNrcrZ7/CJrQcI9cT+hmyHE6nRLR67nt5yPFPe9hm9VWbfYIED2fi+3itOnF0TE/RWQ==",
      "dependencies": {
        "xmldom": "^0.1.27"
      }
    },
    "node_modules/xmldom": {
      "version": "0.1.31",
      "resolved": "https://registry.npmjs.org/xmldom/-/xmldom-0.1.31.tgz",
      "integrity": "sha512-yS2uJflVQs6n+CyjHoaBmVSqIDevTAWrzMmjG1Gc7h1qQ7uVozNhEPJAwZXWyGQ/Gafo3fCwrcaokezLPupVyQ==",
      "deprecated": "Deprecated due to CVE-2021-21366 resolved in 0.5.0",
      "engines": {
        "node": ">=0.1"
      }
    }
  }
}
